
Microsoft Visual Studio Solution File, Format Version 12.00
# Visual Studio Version 17
VisualStudioVersion = 17.0.31903.59
MinimumVisualStudioVersion = 10.0.40219.1
Project("{FAE04EC0-301F-11D3-BF4B-00C04F79EFBC}") = "Primitives3D", "Primitives3D\Primitives3D.csproj", "{4BDF4851-596A-4997-A065-577739C8A453}"
EndProject
Project("{FAE04EC0-301F-11D3-BF4B-00C04F79EFBC}") = "Lab1", "Lab1\Lab1.csproj", "{22702A68-9F57-4B30-844B-1E2EA95FBE63}"
EndProject
Project("{FAE04EC0-301F-11D3-BF4B-00C04F79EFBC}") = "PrimitivesTest", "PrimitivesTest\PrimitivesTest.csproj", "{E0E0E1BB-899E-4FB4-8E61-658692381DE9}"
EndProject
Project("{FAE04EC0-301F-11D3-BF4B-00C04F79EFBC}") = "Converter", "Converter\Converter.csproj", "{45D1C6EB-B4D0-460D-A63D-1B03383AD9E4}"
EndProject
Project("{FAE04EC0-301F-11D3-BF4B-00C04F79EFBC}") = "Reader.Bmp", "ConverterPlugins\Reader.Bmp\Reader.Bmp.csproj", "{C6A32298-DCA9-4AF8-94DB-EB8EB2D0EB54}"
EndProject
Project("{FAE04EC0-301F-11D3-BF4B-00C04F79EFBC}") = "Reader.Ppm", "ConverterPlugins\Reader.Ppm\Reader.Ppm.csproj", "{C2DC3DBC-79B7-4112-951E-0369D657CB4C}"
EndProject
Project("{FAE04EC0-301F-11D3-BF4B-00C04F79EFBC}") = "Lab2", "Lab2\Lab2.csproj", "{E2C2CD98-A90F-4D67-861A-F1B6717754D9}"
EndProject
Project("{FAE04EC0-301F-11D3-BF4B-00C04F79EFBC}") = "Writer.Ppm", "ConverterPlugins\Writer.Ppm\Writer.Ppm.csproj", "{DBE3C8D4-6C42-413C-B6CB-A951ACE91036}"
EndProject
Project("{FAE04EC0-301F-11D3-BF4B-00C04F79EFBC}") = "Writer.Bmp", "ConverterPlugins\Writer.Bmp\Writer.Bmp.csproj", "{B7910417-9D0D-4B01-9B1C-823276DAA05B}"
EndProject
Project("{FAE04EC0-301F-11D3-BF4B-00C04F79EFBC}") = "Reader.Png", "ConverterPlugins\Reader.Png\Reader.Png.csproj", "{628910DB-99D3-4D83-9DDB-1F81131D5E63}"
EndProject
Project("{FAE04EC0-301F-11D3-BF4B-00C04F79EFBC}") = "Writer.Png", "ConverterPlugins\Writer.Png\Writer.Png.csproj", "{2C381F33-34FF-42CE-A365-D5ADE6AD12BF}"
EndProject
Project("{FAE04EC0-301F-11D3-BF4B-00C04F79EFBC}") = "Lab3", "Lab3\Lab3.csproj", "{A9D33196-AE20-47AF-AF5F-3DED8E545C9F}"
EndProject
Global
	GlobalSection(SolutionConfigurationPlatforms) = preSolution
		Debug|Any CPU = Debug|Any CPU
		Release|Any CPU = Release|Any CPU
	EndGlobalSection
	GlobalSection(SolutionProperties) = preSolution
		HideSolutionNode = FALSE
	EndGlobalSection
	GlobalSection(ProjectConfigurationPlatforms) = postSolution
		{4BDF4851-596A-4997-A065-577739C8A453}.Debug|Any CPU.ActiveCfg = Debug|Any CPU
		{4BDF4851-596A-4997-A065-577739C8A453}.Debug|Any CPU.Build.0 = Debug|Any CPU
		{4BDF4851-596A-4997-A065-577739C8A453}.Release|Any CPU.ActiveCfg = Release|Any CPU
		{4BDF4851-596A-4997-A065-577739C8A453}.Release|Any CPU.Build.0 = Release|Any CPU
		{22702A68-9F57-4B30-844B-1E2EA95FBE63}.Debug|Any CPU.ActiveCfg = Debug|Any CPU
		{22702A68-9F57-4B30-844B-1E2EA95FBE63}.Debug|Any CPU.Build.0 = Debug|Any CPU
		{22702A68-9F57-4B30-844B-1E2EA95FBE63}.Release|Any CPU.ActiveCfg = Release|Any CPU
		{22702A68-9F57-4B30-844B-1E2EA95FBE63}.Release|Any CPU.Build.0 = Release|Any CPU
		{E0E0E1BB-899E-4FB4-8E61-658692381DE9}.Debug|Any CPU.ActiveCfg = Debug|Any CPU
		{E0E0E1BB-899E-4FB4-8E61-658692381DE9}.Debug|Any CPU.Build.0 = Debug|Any CPU
		{E0E0E1BB-899E-4FB4-8E61-658692381DE9}.Release|Any CPU.ActiveCfg = Release|Any CPU
		{E0E0E1BB-899E-4FB4-8E61-658692381DE9}.Release|Any CPU.Build.0 = Release|Any CPU
		{45D1C6EB-B4D0-460D-A63D-1B03383AD9E4}.Debug|Any CPU.ActiveCfg = Debug|Any CPU
		{45D1C6EB-B4D0-460D-A63D-1B03383AD9E4}.Debug|Any CPU.Build.0 = Debug|Any CPU
		{45D1C6EB-B4D0-460D-A63D-1B03383AD9E4}.Release|Any CPU.ActiveCfg = Release|Any CPU
		{45D1C6EB-B4D0-460D-A63D-1B03383AD9E4}.Release|Any CPU.Build.0 = Release|Any CPU
		{C6A32298-DCA9-4AF8-94DB-EB8EB2D0EB54}.Debug|Any CPU.ActiveCfg = Debug|Any CPU
		{C6A32298-DCA9-4AF8-94DB-EB8EB2D0EB54}.Debug|Any CPU.Build.0 = Debug|Any CPU
		{C6A32298-DCA9-4AF8-94DB-EB8EB2D0EB54}.Release|Any CPU.ActiveCfg = Release|Any CPU
		{C6A32298-DCA9-4AF8-94DB-EB8EB2D0EB54}.Release|Any CPU.Build.0 = Release|Any CPU
		{C2DC3DBC-79B7-4112-951E-0369D657CB4C}.Debug|Any CPU.ActiveCfg = Debug|Any CPU
		{C2DC3DBC-79B7-4112-951E-0369D657CB4C}.Debug|Any CPU.Build.0 = Debug|Any CPU
		{C2DC3DBC-79B7-4112-951E-0369D657CB4C}.Release|Any CPU.ActiveCfg = Release|Any CPU
		{C2DC3DBC-79B7-4112-951E-0369D657CB4C}.Release|Any CPU.Build.0 = Release|Any CPU
		{E2C2CD98-A90F-4D67-861A-F1B6717754D9}.Debug|Any CPU.ActiveCfg = Debug|Any CPU
		{E2C2CD98-A90F-4D67-861A-F1B6717754D9}.Debug|Any CPU.Build.0 = Debug|Any CPU
		{E2C2CD98-A90F-4D67-861A-F1B6717754D9}.Release|Any CPU.ActiveCfg = Release|Any CPU
		{E2C2CD98-A90F-4D67-861A-F1B6717754D9}.Release|Any CPU.Build.0 = Release|Any CPU
		{DBE3C8D4-6C42-413C-B6CB-A951ACE91036}.Debug|Any CPU.ActiveCfg = Debug|Any CPU
		{DBE3C8D4-6C42-413C-B6CB-A951ACE91036}.Debug|Any CPU.Build.0 = Debug|Any CPU
		{DBE3C8D4-6C42-413C-B6CB-A951ACE91036}.Release|Any CPU.ActiveCfg = Release|Any CPU
		{DBE3C8D4-6C42-413C-B6CB-A951ACE91036}.Release|Any CPU.Build.0 = Release|Any CPU
		{B7910417-9D0D-4B01-9B1C-823276DAA05B}.Debug|Any CPU.ActiveCfg = Debug|Any CPU
		{B7910417-9D0D-4B01-9B1C-823276DAA05B}.Debug|Any CPU.Build.0 = Debug|Any CPU
		{B7910417-9D0D-4B01-9B1C-823276DAA05B}.Release|Any CPU.ActiveCfg = Release|Any CPU
		{B7910417-9D0D-4B01-9B1C-823276DAA05B}.Release|Any CPU.Build.0 = Release|Any CPU
		{628910DB-99D3-4D83-9DDB-1F81131D5E63}.Debug|Any CPU.ActiveCfg = Debug|Any CPU
		{628910DB-99D3-4D83-9DDB-1F81131D5E63}.Debug|Any CPU.Build.0 = Debug|Any CPU
		{628910DB-99D3-4D83-9DDB-1F81131D5E63}.Release|Any CPU.ActiveCfg = Release|Any CPU
		{628910DB-99D3-4D83-9DDB-1F81131D5E63}.Release|Any CPU.Build.0 = Release|Any CPU
		{2C381F33-34FF-42CE-A365-D5ADE6AD12BF}.Debug|Any CPU.ActiveCfg = Debug|Any CPU
		{2C381F33-34FF-42CE-A365-D5ADE6AD12BF}.Debug|Any CPU.Build.0 = Debug|Any CPU
		{2C381F33-34FF-42CE-A365-D5ADE6AD12BF}.Release|Any CPU.ActiveCfg = Release|Any CPU
		{2C381F33-34FF-42CE-A365-D5ADE6AD12BF}.Release|Any CPU.Build.0 = Release|Any CPU
		{A9D33196-AE20-47AF-AF5F-3DED8E545C9F}.Debug|Any CPU.ActiveCfg = Debug|Any CPU
		{A9D33196-AE20-47AF-AF5F-3DED8E545C9F}.Debug|Any CPU.Build.0 = Debug|Any CPU
		{A9D33196-AE20-47AF-AF5F-3DED8E545C9F}.Release|Any CPU.ActiveCfg = Release|Any CPU
		{A9D33196-AE20-47AF-AF5F-3DED8E545C9F}.Release|Any CPU.Build.0 = Release|Any CPU
	EndGlobalSection
EndGlobal
